// !$*UTF8*$!
{
	archiveVersion = 1;
	classes = {
	};
	objectVersion = 46;
	objects = {

/* Begin PBXBuildFile section */
		2CEA9A171B267B360042104D /* AppDelegate.swift in Sources */ = {isa = PBXBuildFile; fileRef = 2CEA9A161B267B360042104D /* AppDelegate.swift */; };
		2CEA9A191B267B360042104D /* ViewController.swift in Sources */ = {isa = PBXBuildFile; fileRef = 2CEA9A181B267B360042104D /* ViewController.swift */; };
		2CEA9A1C1B267B360042104D /* Main.storyboard in Resources */ = {isa = PBXBuildFile; fileRef = 2CEA9A1A1B267B360042104D /* Main.storyboard */; };
		2CEA9A1E1B267B360042104D /* Images.xcassets in Resources */ = {isa = PBXBuildFile; fileRef = 2CEA9A1D1B267B360042104D /* Images.xcassets */; };
		2CEA9A211B267B360042104D /* LaunchScreen.xib in Resources */ = {isa = PBXBuildFile; fileRef = 2CEA9A1F1B267B360042104D /* LaunchScreen.xib */; };
		2CEA9A2D1B267B360042104D /* StatusTests.swift in Sources */ = {isa = PBXBuildFile; fileRef = 2CEA9A2C1B267B360042104D /* StatusTests.swift */; };
		2CEA9A371B267F290042104D /* Userswift.swift in Sources */ = {isa = PBXBuildFile; fileRef = 2CEA9A361B267F290042104D /* Userswift.swift */; };
		2CEA9A391B2680120042104D /* update.swift in Sources */ = {isa = PBXBuildFile; fileRef = 2CEA9A381B2680120042104D /* update.swift */; };
/* End PBXBuildFile section */

/* Begin PBXContainerItemProxy section */
		2CEA9A271B267B360042104D /* PBXContainerItemProxy */ = {
			isa = PBXContainerItemProxy;
			containerPortal = 2CEA9A091B267B350042104D /* Project object */;
			proxyType = 1;
			remoteGlobalIDString = 2CEA9A101B267B360042104D;
			remoteInfo = Status;
		};
/* End PBXContainerItemProxy section */

/* Begin PBXFileReference section */
		2CEA9A111B267B360042104D /* Status.app */ = {isa = PBXFileReference; explicitFileType = wrapper.application; includeInIndex = 0; path = Status.app; sourceTree = BUILT_PRODUCTS_DIR; };
		2CEA9A151B267B360042104D /* Info.plist */ = {isa = PBXFileReference; lastKnownFileType = text.plist.xml; path = Info.plist; sourceTree = "<group>"; };
		2CEA9A161B267B360042104D /* AppDelegate.swift */ = {isa = PBXFileReference; lastKnownFileType = sourcecode.swift; path = AppDelegate.swift; sourceTree = "<group>"; };
		2CEA9A181B267B360042104D /* ViewController.swift */ = {isa = PBXFileReference; lastKnownFileType = sourcecode.swift; path = ViewController.swift; sourceTree = "<group>"; };
		2CEA9A1B1B267B360042104D /* Base */ = {isa = PBXFileReference; lastKnownFileType = file.storyboard; name = Base; path = Base.lproj/Main.storyboard; sourceTree = "<group>"; };
		2CEA9A1D1B267B360042104D /* Images.xcassets */ = {isa = PBXFileReference; lastKnownFileType = folder.assetcatalog; path = Images.xcassets; sourceTree = "<group>"; };
		2CEA9A201B267B360042104D /* Base */ = {isa = PBXFileReference; lastKnownFileType = file.xib; name = Base; path = Base.lproj/LaunchScreen.xib; sourceTree = "<group>"; };
		2CEA9A261B267B360042104D /* StatusTests.xctest */ = {isa = PBXFileReference; explicitFileType = wrapper.cfbundle; includeInIndex = 0; path = StatusTests.xctest; sourceTree = BUILT_PRODUCTS_DIR; };
		2CEA9A2B1B267B360042104D /* Info.plist */ = {isa = PBXFileReference; lastKnownFileType = text.plist.xml; path = Info.plist; sourceTree = "<group>"; };
		2CEA9A2C1B267B360042104D /* StatusTests.swift */ = {isa = PBXFileReference; lastKnownFileType = sourcecode.swift; path = StatusTests.swift; sourceTree = "<group>"; };
		2CEA9A361B267F290042104D /* Userswift.swift */ = {isa = PBXFileReference; fileEncoding = 4; lastKnownFileType = sourcecode.swift; path = Userswift.swift; sourceTree = "<group>"; };
		2CEA9A381B2680120042104D /* update.swift */ = {isa = PBXFileReference; fileEncoding = 4; lastKnownFileType = sourcecode.swift; path = update.swift; sourceTree = "<group>"; };
/* End PBXFileReference section */

/* Begin PBXFrameworksBuildPhase section */
		2CEA9A0E1B267B360042104D /* Frameworks */ = {
			isa = PBXFrameworksBuildPhase;
			buildActionMask = 2147483647;
			files = (
			);
			runOnlyForDeploymentPostprocessing = 0;
		};
		2CEA9A231B267B360042104D /* Frameworks */ = {
			isa = PBXFrameworksBuildPhase;
			buildActionMask = 2147483647;
			files = (
			);
			runOnlyForDeploymentPostprocessing = 0;
		};
/* End PBXFrameworksBuildPhase section */

/* Begin PBXGroup section */
		2CEA9A081B267B350042104D = {
			isa = PBXGroup;
			children = (
				2CEA9A361B267F290042104D /* Userswift.swift */,
				2CEA9A381B2680120042104D /* update.swift */,
				2CEA9A131B267B360042104D /* Status */,
				2CEA9A291B267B360042104D /* StatusTests */,
				2CEA9A121B267B360042104D /* Products */,
			);
			sourceTree = "<group>";
		};
		2CEA9A121B267B360042104D /* Products */ = {
			isa = PBXGroup;
			children = (
				2CEA9A111B267B360042104D /* Status.app */,
				2CEA9A261B267B360042104D /* StatusTests.xctest */,
			);
			name = Products;
			sourceTree = "<group>";
		};
		2CEA9A131B267B360042104D /* Status */ = {
			isa = PBXGroup;
			children = (
				2CEA9A161B267B360042104D /* AppDelegate.swift */,
				2CEA9A181B267B360042104D /* ViewController.swift */,
				2CEA9A1A1B267B360042104D /* Main.storyboard */,
				2CEA9A1D1B267B360042104D /* Images.xcassets */,
				2CEA9A1F1B267B360042104D /* LaunchScreen.xib */,
				2CEA9A141B267B360042104D /* Supporting Files */,
			);
			path = Status;
			sourceTree = "<group>";
		};
		2CEA9A141B267B360042104D /* Supporting Files */ = {
			isa = PBXGroup;
			children = (
				2CEA9A151B267B360042104D /* Info.plist */,
			);
			name = "Supporting Files";
			sourceTree = "<group>";
		};
		2CEA9A291B267B360042104D /* StatusTests */ = {
			isa = PBXGroup;
			children = (
				2CEA9A2C1B267B360042104D /* StatusTests.swift */,
				2CEA9A2A1B267B360042104D /* Supporting Files */,
			);
			path = StatusTests;
			sourceTree = "<group>";
		};
		2CEA9A2A1B267B360042104D /* Supporting Files */ = {
			isa = PBXGroup;
			children = (
				2CEA9A2B1B267B360042104D /* Info.plist */,
			);
			name = "Supporting Files";
			sourceTree = "<group>";
		};
/* End PBXGroup section */

/* Begin PBXNativeTarget section */
		2CEA9A101B267B360042104D /* Status */ = {
			isa = PBXNativeTarget;
			buildConfigurationList = 2CEA9A301B267B360042104D /* Build configuration list for PBXNativeTarget "Status" */;
			buildPhases = (
				2CEA9A0D1B267B360042104D /* Sources */,
				2CEA9A0E1B267B360042104D /* Frameworks */,
				2CEA9A0F1B267B360042104D /* Resources */,
			);
			buildRules = (
			);
			dependencies = (
			);
			name = Status;
			productName = Status;
			productReference = 2CEA9A111B267B360042104D /* Status.app */;
			productType = "com.apple.product-type.application";
		};
		2CEA9A251B267B360042104D /* StatusTests */ = {
			isa = PBXNativeTarget;
			buildConfigurationList = 2CEA9A331B267B360042104D /* Build configuration list for PBXNativeTarget "StatusTests" */;
			buildPhases = (
				2CEA9A221B267B360042104D /* Sources */,
				2CEA9A231B267B360042104D /* Frameworks */,
				2CEA9A241B267B360042104D /* Resources */,
			);
			buildRules = (
			);
			dependencies = (
				2CEA9A281B267B360042104D /* PBXTargetDependency */,
			);
			name = StatusTests;
			productName = StatusTests;
			productReference = 2CEA9A261B267B360042104D /* StatusTests.xctest */;
			productType = "com.apple.product-type.bundle.unit-test";
		};
/* End PBXNativeTarget section */

/* Begin PBXProject section */
		2CEA9A091B267B350042104D /* Project object */ = {
			isa = PBXProject;
			attributes = {
				LastUpgradeCheck = 0630;
				ORGANIZATIONNAME = "Tim Sweeney";
				TargetAttributes = {
					2CEA9A101B267B360042104D = {
						CreatedOnToolsVersion = 6.3.2;
					};
					2CEA9A251B267B360042104D = {
						CreatedOnToolsVersion = 6.3.2;
						TestTargetID = 2CEA9A101B267B360042104D;
					};
				};
			};
			buildConfigurationList = 2CEA9A0C1B267B350042104D /* Build configuration list for PBXProject "Status" */;
			compatibilityVersion = "Xcode 3.2";
			developmentRegion = English;
			hasScannedForEncodings = 0;
			knownRegions = (
				en,
				Base,
			);
			mainGroup = 2CEA9A081B267B350042104D;
			productRefGroup = 2CEA9A121B267B360042104D /* Products */;
			projectDirPath = "";
			projectRoot = "";
			targets = (
				2CEA9A101B267B360042104D /* Status */,
				2CEA9A251B267B360042104D /* StatusTests */,
			);
		};
/* End PBXProject section */

/* Begin PBXResourcesBuildPhase section */
		2CEA9A0F1B267B360042104D /* Resources */ = {
			isa = PBXResourcesBuildPhase;
			buildActionMask = 2147483647;
			files = (
				2CEA9A1C1B267B360042104D /* Main.storyboard in Resources */,
				2CEA9A211B267B360042104D /* LaunchScreen.xib in Resources */,
				2CEA9A1E1B267B360042104D /* Images.xcassets in Resources */,
			);
			runOnlyForDeploymentPostprocessing = 0;
		};
		2CEA9A241B267B360042104D /* Resources */ = {
			isa = PBXResourcesBuildPhase;
			buildActionMask = 2147483647;
			files = (
			);
			runOnlyForDeploymentPostprocessing = 0;
		};
/* End PBXResourcesBuildPhase section */

/* Begin PBXSourcesBuildPhase section */
		2CEA9A0D1B267B360042104D /* Sources */ = {
			isa = PBXSourcesBuildPhase;
			buildActionMask = 2147483647;
			files = (
				2CEA9A371B267F290042104D /* Userswift.swift in Sources */,
				2CEA9A191B267B360042104D /* ViewController.swift in Sources */,
				2CEA9A391B2680120042104D /* update.swift in Sources */,
				2CEA9A171B267B360042104D /* AppDelegate.swift in Sources */,
			);
			runOnlyForDeploymentPostprocessing = 0;
		};
		2CEA9A221B267B360042104D /* Sources */ = {
			isa = PBXSourcesBuildPhase;
			buildActionMask = 2147483647;
			files = (
				2CEA9A2D1B267B360042104D /* StatusTests.swift in Sources */,
			);
			runOnlyForDeploymentPostprocessing = 0;
		};
/* End PBXSourcesBuildPhase section */

/* Begin PBXTargetDependency section */
		2CEA9A281B267B360042104D /* PBXTargetDependency */ = {
			isa = PBXTargetDependency;
			target = 2CEA9A101B267B360042104D /* Status */;
			targetProxy = 2CEA9A271B267B360042104D /* PBXContainerItemProxy */;
		};
/* End PBXTargetDependency section */

/* Begin PBXVariantGroup section */
		2CEA9A1A1B267B360042104D /* Main.storyboard */ = {
			isa = PBXVariantGroup;
			children = (
				2CEA9A1B1B267B360042104D /* Base */,
			);
			name = Main.storyboard;
			sourceTree = "<group>";
		};
		2CEA9A1F1B267B360042104D /* LaunchScreen.xib */ = {
			isa = PBXVariantGroup;
			children = (
				2CEA9A201B267B360042104D /* Base */,
			);
			name = LaunchScreen.xib;
			sourceTree = "<group>";
		};
/* End PBXVariantGroup section */

/* Begin XCBuildConfiguration section */
		2CEA9A2E1B267B360042104D /* Debug */ = {
			isa = XCBuildConfiguration;
			buildSettings = {
				ALWAYS_SEARCH_USER_PATHS = NO;
				CLANG_CXX_LANGUAGE_STANDARD = "gnu++0x";
				CLANG_CXX_LIBRARY = "libc++";
				CLANG_ENABLE_MODULES = YES;
				CLANG_ENABLE_OBJC_ARC = YES;
				CLANG_WARN_BOOL_CONVERSION = YES;
				CLANG_WARN_CONSTANT_CONVERSION = YES;
				CLANG_WARN_DIRECT_OBJC_ISA_USAGE = YES_ERROR;
				CLANG_WARN_EMPTY_BODY = YES;
				CLANG_WARN_ENUM_CONVERSION = YES;
				CLANG_WARN_INT_CONVERSION = YES;
				CLANG_WARN_OBJC_ROOT_CLASS = YES_ERROR;
				CLANG_WARN_UNREACHABLE_CODE = YES;
				CLANG_WARN__DUPLICATE_METHOD_MATCH = YES;
				"CODE_SIGN_IDENTITY[sdk=iphoneos*]" = "iPhone Developer";
				COPY_PHASE_STRIP = NO;
				DEBUG_INFORMATION_FORMAT = "dwarf-with-dsym";
				ENABLE_STRICT_OBJC_MSGSEND = YES;
				GCC_C_LANGUAGE_STANDARD = gnu99;
				GCC_DYNAMIC_NO_PIC = NO;
				GCC_NO_COMMON_BLOCKS = YES;
				GCC_OPTIMIZATION_LEVEL = 0;
				GCC_PREPROCESSOR_DEFINITIONS = (
					"DEBUG=1",
					"$(inherited)",
				);
				GCC_SYMBOLS_PRIVATE_EXTERN = NO;
				GCC_WARN_64_TO_32_BIT_CONVERSION = YES;
				GCC_WARN_ABOUT_RETURN_TYPE = YES_ERROR;
				GCC_WARN_UNDECLARED_SELECTOR = YES;
				GCC_WARN_UNINITIALIZED_AUTOS = YES_AGGRESSIVE;
				GCC_WARN_UNUSED_FUNCTION = YES;
				GCC_WARN_UNUSED_VARIABLE = YES;
				IPHONEOS_DEPLOYMENT_TARGET = 8.3;
				MTL_ENABLE_DEBUG_INFO = YES;
				ONLY_ACTIVE_ARCH = YES;
				SDKROOT = iphoneos;
				SWIFT_OPTIMIZATION_LEVEL = "-Onone";
				TARGETED_DEVICE_FAMILY = "1,2";
			};
			name = Debug;
		};
		2CEA9A2F1B267B360042104D /* Release */ = {
			isa = XCBuildConfiguration;
			buildSettings = {
				ALWAYS_SEARCH_USER_PATHS = NO;
				CLANG_CXX_LANGUAGE_STANDARD = "gnu++0x";
				CLANG_CXX_LIBRARY = "libc++";
				CLANG_ENABLE_MODULES = YES;
				CLANG_ENABLE_OBJC_ARC = YES;
				CLANG_WARN_BOOL_CONVERSION = YES;
				CLANG_WARN_CONSTANT_CONVERSION = YES;
				CLANG_WARN_DIRECT_OBJC_ISA_USAGE = YES_ERROR;
				CLANG_WARN_EMPTY_BODY = YES;
				CLANG_WARN_ENUM_CONVERSION = YES;
				CLANG_WARN_INT_CONVERSION = YES;
				CLANG_WARN_OBJC_ROOT_CLASS = YES_ERROR;
				CLANG_WARN_UNREACHABLE_CODE = YES;
				CLANG_WARN__DUPLICATE_METHOD_MATCH = YES;
				"CODE_SIGN_IDENTITY[sdk=iphoneos*]" = "iPhone Developer";
				COPY_PHASE_STRIP = NO;
				DEBUG_INFORMATION_FORMAT = "dwarf-with-dsym";
				ENABLE_NS_ASSERTIONS = NO;
				ENABLE_STRICT_OBJC_MSGSEND = YES;
				GCC_C_LANGUAGE_STANDARD = gnu99;
				GCC_NO_COMMON_BLOCKS = YES;
				GCC_WARN_64_TO_32_BIT_CONVERSION = YES;
				GCC_WARN_ABOUT_RETURN_TYPE = YES_ERROR;
				GCC_WARN_UNDECLARED_SELECTOR = YES;
				GCC_WARN_UNINITIALIZED_AUTOS = YES_AGGRESSIVE;
				GCC_WARN_UNUSED_FUNCTION = YES;
				GCC_WARN_UNUSED_VARIABLE = YES;
				IPHONEOS_DEPLOYMENT_TARGET = 8.3;
				MTL_ENABLE_DEBUG_INFO = NO;
				SDKROOT = iphoneos;
				TARGETED_DEVICE_FAMILY = "1,2";
				VALIDATE_PRODUCT = YES;
			};
			name = Release;
		};
		2CEA9A311B267B360042104D /* Debug */ = {
			isa = XCBuildConfiguration;
			buildSettings = {
				ASSETCATALOG_COMPILER_APPICON_NAME = AppIcon;
				INFOPLIST_FILE = Status/Info.plist;
				LD_RUNPATH_SEARCH_PATHS = "$(inherited) @executable_path/Frameworks";
				PRODUCT_NAME = "$(TARGET_NAME)";
			};
			name = Debug;
		};
		2CEA9A321B267B360042104D /* Release */ = {
			isa = XCBuildConfiguration;
			buildSettings = {
				ASSETCATALOG_COMPILER_APPICON_NAME = AppIcon;
				INFOPLIST_FILE = Status/Info.plist;
				LD_RUNPATH_SEARCH_PATHS = "$(inherited) @executable_path/Frameworks";
				PRODUCT_NAME = "$(TARGET_NAME)";
			};
			name = Release;
		};
		2CEA9A341B267B360042104D /* Debug */ = {
			isa = XCBuildConfiguration;
			buildSettings = {
				BUNDLE_LOADER = "$(TEST_HOST)";
				FRAMEWORK_SEARCH_PATHS = (
					"$(SDKROOT)/Developer/Library/Frameworks",
					"$(inherited)",
				);
				GCC_PREPROCESSOR_DEFINITIONS = (
					"DEBUG=1",
					"$(inherited)",
				);
				INFOPLIST_FILE = StatusTests/Info.plist;
				LD_RUNPATH_SEARCH_PATHS = "$(inherited) @executable_path/Frameworks @loader_path/Frameworks";
				PRODUCT_NAME = "$(TARGET_NAME)";
				TEST_HOST = "$(BUILT_PRODUCTS_DIR)/Status.app/Status";
			};
			name = Debug;
		};
		2CEA9A351B267B360042104D /* Release */ = {
			isa = XCBuildConfiguration;
			buildSettings = {
				BUNDLE_LOADER = "$(TEST_HOST)";
				FRAMEWORK_SEARCH_PATHS = (
					"$(SDKROOT)/Developer/Library/Frameworks",
					"$(inherited)",
				);
				INFOPLIST_FILE = StatusTests/Info.plist;
				LD_RUNPATH_SEARCH_PATHS = "$(inherited) @executable_path/Frameworks @loader_path/Frameworks";
				PRODUCT_NAME = "$(TARGET_NAME)";
				TEST_HOST = "$(BUILT_PRODUCTS_DIR)/Status.app/Status";
			};
			name = Release;
		};
/* End XCBuildConfiguration section */

/* Begin XCConfigurationList section */
		2CEA9A0C1B267B350042104D /* Build configuration list for PBXProject "Status" */ = {
			isa = XCConfigurationList;
			buildConfigurations = (
				2CEA9A2E1B267B360042104D /* Debug */,
				2CEA9A2F1B267B360042104D /* Release */,
			);
			defaultConfigurationIsVisible = 0;
			defaultConfigurationName = Release;
		};
		2CEA9A301B267B360042104D /* Build configuration list for PBXNativeTarget "Status" */ = {
			isa = XCConfigurationList;
			buildConfigurations = (
				2CEA9A311B267B360042104D /* Debug */,
				2CEA9A321B267B360042104D /* Release */,
			);
			defaultConfigurationIsVisible = 0;
		};
		2CEA9A331B267B360042104D /* Build configuration list for PBXNativeTarget "StatusTests" */ = {
			isa = XCConfigurationList;
			buildConfigurations = (
				2CEA9A341B267B360042104D /* Debug */,
				2CEA9A351B267B360042104D /* Release */,
			);
			defaultConfigurationIsVisible = 0;
		};
/* End XCConfigurationList section */
	};
	rootObject = 2CEA9A091B267B350042104D /* Project object */;
}
